
Microsoft Visual Studio Solution File, Format Version 12.00
# Visual Studio 14
VisualStudioVersion = 14.0.25420.1
MinimumVisualStudioVersion = 10.0.40219.1
Project("{FAE04EC0-301F-11D3-BF4B-00C04F79EFBC}") = "DemoCDP", "JobMvc\DemoCDP.csproj", "{C6E50533-CD2D-4580-A4C7-1BA1075B19CB}"
EndProject
Global
	GlobalSection(SolutionConfigurationPlatforms) = preSolution
		Debug|Any CPU = Debug|Any CPU
		Release|Any CPU = Release|Any CPU
	EndGlobalSection
	GlobalSection(ProjectConfigurationPlatforms) = postSolution
		{C6E50533-CD2D-4580-A4C7-1BA1075B19CB}.Debug|Any CPU.ActiveCfg = Debug|Any CPU
		{C6E50533-CD2D-4580-A4C7-1BA1075B19CB}.Debug|Any CPU.Build.0 = Debug|Any CPU
		{C6E50533-CD2D-4580-A4C7-1BA1075B19CB}.Release|Any CPU.ActiveCfg = Release|Any CPU
		{C6E50533-CD2D-4580-A4C7-1BA1075B19CB}.Release|Any CPU.Build.0 = Release|Any CPU
	EndGlobalSection
	GlobalSection(SolutionProperties) = preSolution
		HideSolutionNode = FALSE
	EndGlobalSection
EndGlobal
